# This file is automatically @generated by Cargo.
# It is not intended for manual editing.
version = 3

[[package]]
name = "amicable_numbers"
version = "0.1.0"

[[package]]
name = "counting_sundays"
version = "0.1.0"

[[package]]
name = "even_fibonacci_numbers"
version = "0.1.0"

[[package]]
name = "factorial_digit_sum"
version = "0.1.0"

[[package]]
name = "highly_divisible_triangular_number"
version = "0.1.0"

[[package]]
name = "large_sum"
version = "0.1.0"

[[package]]
name = "largest_palindrome_product"
version = "0.1.0"

[[package]]
name = "largest_prime_factor"
version = "0.1.0"

[[package]]
name = "largest_product_in_a_grid"
version = "0.1.0"

[[package]]
name = "largest_product_in_a_series"
version = "0.1.0"

[[package]]
name = "lattice_paths"
version = "0.1.0"

[[package]]
name = "longest_collatz_sequence"
version = "0.1.0"

[[package]]
name = "maximum_path_sum_i"
version = "0.1.0"

[[package]]
name = "maximum_path_sum_ii"
version = "0.1.0"

[[package]]
name = "multiples_of_three_or_five"
version = "0.1.0"

[[package]]
name = "names_scores"
version = "0.1.0"

[[package]]
name = "number_letter_counts"
version = "0.1.0"

[[package]]
name = "power_digit_sum"
version = "0.1.0"

[[package]]
name = "smallest-multiple"
version = "0.1.0"

[[package]]
name = "special_pythagorean_triplet"
version = "0.1.0"

[[package]]
name = "sum_square_difference"
version = "0.1.0"

[[package]]
name = "summation_of_primes"
version = "0.1.0"

[[package]]
name = "ten_thousand_and_first_prime"
version = "0.1.0"
